{
  "requires": true,
  "lockfileVersion": 1,
  "dependencies": {
    "ngx-mat-select-search": {
      "version": "7.0.2",
      "resolved": "https://registry.npmjs.org/ngx-mat-select-search/-/ngx-mat-select-search-7.0.2.tgz",
      "integrity": "sha512-69vy/mWh7pnnR6rw1BWxO8E4HyylUvvBlmhrtWqXIYqfIx3mfvWuNj0tE1v+ERPg8a4vViFpfilRUUvvbrv1cA==",
      "requires": {
        "tslib": "^2.4.0"
      }
    },
    "tslib": {
      "version": "2.5.2",
      "resolved": "https://registry.npmjs.org/tslib/-/tslib-2.5.2.tgz",
      "integrity": "sha512-5svOrSA2w3iGFDs1HibEVBGbDrAY82bFQ3HZ3ixB+88nsbsWQoKqDRb5UBYAUPEzbBn6dAp5gRNXglySbx1MlA=="
    }
  }
}
